
Microsoft Visual Studio Solution File, Format Version 12.00
# Visual Studio Version 16
VisualStudioVersion = 16.0.33529.622
MinimumVisualStudioVersion = 10.0.40219.1
Project("{FAE04EC0-301F-11D3-BF4B-00C04F79EFBC}") = "O programa JoKenPô", "O programa JoKenPô\O programa JoKenPô.csproj", "{A05CF837-FE0B-44B5-946F-57F8B367C637}"
EndProject
Global
	GlobalSection(SolutionConfigurationPlatforms) = preSolution
		Debug|Any CPU = Debug|Any CPU
		Release|Any CPU = Release|Any CPU
	EndGlobalSection
	GlobalSection(ProjectConfigurationPlatforms) = postSolution
		{A05CF837-FE0B-44B5-946F-57F8B367C637}.Debug|Any CPU.ActiveCfg = Debug|Any CPU
		{A05CF837-FE0B-44B5-946F-57F8B367C637}.Debug|Any CPU.Build.0 = Debug|Any CPU
		{A05CF837-FE0B-44B5-946F-57F8B367C637}.Release|Any CPU.ActiveCfg = Release|Any CPU
		{A05CF837-FE0B-44B5-946F-57F8B367C637}.Release|Any CPU.Build.0 = Release|Any CPU
	EndGlobalSection
	GlobalSection(SolutionProperties) = preSolution
		HideSolutionNode = FALSE
	EndGlobalSection
	GlobalSection(ExtensibilityGlobals) = postSolution
		SolutionGuid = {5CC51825-B9E6-4A70-9490-3B23657920F5}
	EndGlobalSection
EndGlobal
